// !$*UTF8*$!
{
	archiveVersion = 1;
	classes = {
	};
	objectVersion = 50;
	objects = {

/* Begin PBXBuildFile section */
		047AB8D52626B7BB005CD11F /* AppDelegate.swift in Sources */ = {isa = PBXBuildFile; fileRef = 047AB8D42626B7BB005CD11F /* AppDelegate.swift */; };
		047AB8D72626B7BB005CD11F /* SceneDelegate.swift in Sources */ = {isa = PBXBuildFile; fileRef = 047AB8D62626B7BB005CD11F /* SceneDelegate.swift */; };
		047AB8D92626B7BB005CD11F /* ViewController.swift in Sources */ = {isa = PBXBuildFile; fileRef = 047AB8D82626B7BB005CD11F /* ViewController.swift */; };
		047AB8DC2626B7BB005CD11F /* Main.storyboard in Resources */ = {isa = PBXBuildFile; fileRef = 047AB8DA2626B7BB005CD11F /* Main.storyboard */; };
		047AB8DE2626B7BE005CD11F /* Assets.xcassets in Resources */ = {isa = PBXBuildFile; fileRef = 047AB8DD2626B7BE005CD11F /* Assets.xcassets */; };
		047AB8E12626B7BE005CD11F /* LaunchScreen.storyboard in Resources */ = {isa = PBXBuildFile; fileRef = 047AB8DF2626B7BE005CD11F /* LaunchScreen.storyboard */; };
		047AB8EC2626B7BF005CD11F /* StripeTests.swift in Sources */ = {isa = PBXBuildFile; fileRef = 047AB8EB2626B7BF005CD11F /* StripeTests.swift */; };
		047AB8F72626B7BF005CD11F /* StripeUITests.swift in Sources */ = {isa = PBXBuildFile; fileRef = 047AB8F62626B7BF005CD11F /* StripeUITests.swift */; };
/* End PBXBuildFile section */

/* Begin PBXContainerItemProxy section */
		047AB8E82626B7BF005CD11F /* PBXContainerItemProxy */ = {
			isa = PBXContainerItemProxy;
			containerPortal = 047AB8C92626B7BB005CD11F /* Project object */;
			proxyType = 1;
			remoteGlobalIDString = 047AB8D02626B7BB005CD11F;
			remoteInfo = Stripe;
		};
		047AB8F32626B7BF005CD11F /* PBXContainerItemProxy */ = {
			isa = PBXContainerItemProxy;
			containerPortal = 047AB8C92626B7BB005CD11F /* Project object */;
			proxyType = 1;
			remoteGlobalIDString = 047AB8D02626B7BB005CD11F;
			remoteInfo = Stripe;
		};
/* End PBXContainerItemProxy section */

/* Begin PBXFileReference section */
		047AB8D12626B7BB005CD11F /* Stripe.app */ = {isa = PBXFileReference; explicitFileType = wrapper.application; includeInIndex = 0; path = Stripe.app; sourceTree = BUILT_PRODUCTS_DIR; };
		047AB8D42626B7BB005CD11F /* AppDelegate.swift */ = {isa = PBXFileReference; lastKnownFileType = sourcecode.swift; path = AppDelegate.swift; sourceTree = "<group>"; };
		047AB8D62626B7BB005CD11F /* SceneDelegate.swift */ = {isa = PBXFileReference; lastKnownFileType = sourcecode.swift; path = SceneDelegate.swift; sourceTree = "<group>"; };
		047AB8D82626B7BB005CD11F /* ViewController.swift */ = {isa = PBXFileReference; lastKnownFileType = sourcecode.swift; path = ViewController.swift; sourceTree = "<group>"; };
		047AB8DB2626B7BB005CD11F /* Base */ = {isa = PBXFileReference; lastKnownFileType = file.storyboard; name = Base; path = Base.lproj/Main.storyboard; sourceTree = "<group>"; };
		047AB8DD2626B7BE005CD11F /* Assets.xcassets */ = {isa = PBXFileReference; lastKnownFileType = folder.assetcatalog; path = Assets.xcassets; sourceTree = "<group>"; };
		047AB8E02626B7BE005CD11F /* Base */ = {isa = PBXFileReference; lastKnownFileType = file.storyboard; name = Base; path = Base.lproj/LaunchScreen.storyboard; sourceTree = "<group>"; };
		047AB8E22626B7BE005CD11F /* Info.plist */ = {isa = PBXFileReference; lastKnownFileType = text.plist.xml; path = Info.plist; sourceTree = "<group>"; };
		047AB8E72626B7BF005CD11F /* StripeTests.xctest */ = {isa = PBXFileReference; explicitFileType = wrapper.cfbundle; includeInIndex = 0; path = StripeTests.xctest; sourceTree = BUILT_PRODUCTS_DIR; };
		047AB8EB2626B7BF005CD11F /* StripeTests.swift */ = {isa = PBXFileReference; lastKnownFileType = sourcecode.swift; path = StripeTests.swift; sourceTree = "<group>"; };
		047AB8ED2626B7BF005CD11F /* Info.plist */ = {isa = PBXFileReference; lastKnownFileType = text.plist.xml; path = Info.plist; sourceTree = "<group>"; };
		047AB8F22626B7BF005CD11F /* StripeUITests.xctest */ = {isa = PBXFileReference; explicitFileType = wrapper.cfbundle; includeInIndex = 0; path = StripeUITests.xctest; sourceTree = BUILT_PRODUCTS_DIR; };
		047AB8F62626B7BF005CD11F /* StripeUITests.swift */ = {isa = PBXFileReference; lastKnownFileType = sourcecode.swift; path = StripeUITests.swift; sourceTree = "<group>"; };
		047AB8F82626B7BF005CD11F /* Info.plist */ = {isa = PBXFileReference; lastKnownFileType = text.plist.xml; path = Info.plist; sourceTree = "<group>"; };
/* End PBXFileReference section */

/* Begin PBXFrameworksBuildPhase section */
		047AB8CE2626B7BB005CD11F /* Frameworks */ = {
			isa = PBXFrameworksBuildPhase;
			buildActionMask = 2147483647;
			files = (
			);
			runOnlyForDeploymentPostprocessing = 0;
		};
		047AB8E42626B7BF005CD11F /* Frameworks */ = {
			isa = PBXFrameworksBuildPhase;
			buildActionMask = 2147483647;
			files = (
			);
			runOnlyForDeploymentPostprocessing = 0;
		};
		047AB8EF2626B7BF005CD11F /* Frameworks */ = {
			isa = PBXFrameworksBuildPhase;
			buildActionMask = 2147483647;
			files = (
			);
			runOnlyForDeploymentPostprocessing = 0;
		};
/* End PBXFrameworksBuildPhase section */

/* Begin PBXGroup section */
		047AB8C82626B7BB005CD11F = {
			isa = PBXGroup;
			children = (
				047AB8D32626B7BB005CD11F /* Stripe */,
				047AB8EA2626B7BF005CD11F /* StripeTests */,
				047AB8F52626B7BF005CD11F /* StripeUITests */,
				047AB8D22626B7BB005CD11F /* Products */,
			);
			sourceTree = "<group>";
		};
		047AB8D22626B7BB005CD11F /* Products */ = {
			isa = PBXGroup;
			children = (
				047AB8D12626B7BB005CD11F /* Stripe.app */,
				047AB8E72626B7BF005CD11F /* StripeTests.xctest */,
				047AB8F22626B7BF005CD11F /* StripeUITests.xctest */,
			);
			name = Products;
			sourceTree = "<group>";
		};
		047AB8D32626B7BB005CD11F /* Stripe */ = {
			isa = PBXGroup;
			children = (
				047AB8D42626B7BB005CD11F /* AppDelegate.swift */,
				047AB8D62626B7BB005CD11F /* SceneDelegate.swift */,
				047AB8D82626B7BB005CD11F /* ViewController.swift */,
				047AB8DA2626B7BB005CD11F /* Main.storyboard */,
				047AB8DD2626B7BE005CD11F /* Assets.xcassets */,
				047AB8DF2626B7BE005CD11F /* LaunchScreen.storyboard */,
				047AB8E22626B7BE005CD11F /* Info.plist */,
			);
			path = Stripe;
			sourceTree = "<group>";
		};
		047AB8EA2626B7BF005CD11F /* StripeTests */ = {
			isa = PBXGroup;
			children = (
				047AB8EB2626B7BF005CD11F /* StripeTests.swift */,
				047AB8ED2626B7BF005CD11F /* Info.plist */,
			);
			path = StripeTests;
			sourceTree = "<group>";
		};
		047AB8F52626B7BF005CD11F /* StripeUITests */ = {
			isa = PBXGroup;
			children = (
				047AB8F62626B7BF005CD11F /* StripeUITests.swift */,
				047AB8F82626B7BF005CD11F /* Info.plist */,
			);
			path = StripeUITests;
			sourceTree = "<group>";
		};
/* End PBXGroup section */

/* Begin PBXNativeTarget section */
		047AB8D02626B7BB005CD11F /* Stripe */ = {
			isa = PBXNativeTarget;
			buildConfigurationList = 047AB8FB2626B7BF005CD11F /* Build configuration list for PBXNativeTarget "Stripe" */;
			buildPhases = (
				047AB8CD2626B7BB005CD11F /* Sources */,
				047AB8CE2626B7BB005CD11F /* Frameworks */,
				047AB8CF2626B7BB005CD11F /* Resources */,
			);
			buildRules = (
			);
			dependencies = (
			);
			name = Stripe;
			productName = Stripe;
			productReference = 047AB8D12626B7BB005CD11F /* Stripe.app */;
			productType = "com.apple.product-type.application";
		};
		047AB8E62626B7BF005CD11F /* StripeTests */ = {
			isa = PBXNativeTarget;
			buildConfigurationList = 047AB8FE2626B7BF005CD11F /* Build configuration list for PBXNativeTarget "StripeTests" */;
			buildPhases = (
				047AB8E32626B7BF005CD11F /* Sources */,
				047AB8E42626B7BF005CD11F /* Frameworks */,
				047AB8E52626B7BF005CD11F /* Resources */,
			);
			buildRules = (
			);
			dependencies = (
				047AB8E92626B7BF005CD11F /* PBXTargetDependency */,
			);
			name = StripeTests;
			productName = StripeTests;
			productReference = 047AB8E72626B7BF005CD11F /* StripeTests.xctest */;
			productType = "com.apple.product-type.bundle.unit-test";
		};
		047AB8F12626B7BF005CD11F /* StripeUITests */ = {
			isa = PBXNativeTarget;
			buildConfigurationList = 047AB9012626B7BF005CD11F /* Build configuration list for PBXNativeTarget "StripeUITests" */;
			buildPhases = (
				047AB8EE2626B7BF005CD11F /* Sources */,
				047AB8EF2626B7BF005CD11F /* Frameworks */,
				047AB8F02626B7BF005CD11F /* Resources */,
			);
			buildRules = (
			);
			dependencies = (
				047AB8F42626B7BF005CD11F /* PBXTargetDependency */,
			);
			name = StripeUITests;
			productName = StripeUITests;
			productReference = 047AB8F22626B7BF005CD11F /* StripeUITests.xctest */;
			productType = "com.apple.product-type.bundle.ui-testing";
		};
/* End PBXNativeTarget section */

/* Begin PBXProject section */
		047AB8C92626B7BB005CD11F /* Project object */ = {
			isa = PBXProject;
			attributes = {
				LastSwiftUpdateCheck = 1240;
				LastUpgradeCheck = 1240;
				TargetAttributes = {
					047AB8D02626B7BB005CD11F = {
						CreatedOnToolsVersion = 12.4;
					};
					047AB8E62626B7BF005CD11F = {
						CreatedOnToolsVersion = 12.4;
						TestTargetID = 047AB8D02626B7BB005CD11F;
					};
					047AB8F12626B7BF005CD11F = {
						CreatedOnToolsVersion = 12.4;
						TestTargetID = 047AB8D02626B7BB005CD11F;
					};
				};
			};
			buildConfigurationList = 047AB8CC2626B7BB005CD11F /* Build configuration list for PBXProject "Stripe" */;
			compatibilityVersion = "Xcode 9.3";
			developmentRegion = en;
			hasScannedForEncodings = 0;
			knownRegions = (
				en,
				Base,
			);
			mainGroup = 047AB8C82626B7BB005CD11F;
			productRefGroup = 047AB8D22626B7BB005CD11F /* Products */;
			projectDirPath = "";
			projectRoot = "";
			targets = (
				047AB8D02626B7BB005CD11F /* Stripe */,
				047AB8E62626B7BF005CD11F /* StripeTests */,
				047AB8F12626B7BF005CD11F /* StripeUITests */,
			);
		};
/* End PBXProject section */

/* Begin PBXResourcesBuildPhase section */
		047AB8CF2626B7BB005CD11F /* Resources */ = {
			isa = PBXResourcesBuildPhase;
			buildActionMask = 2147483647;
			files = (
				047AB8E12626B7BE005CD11F /* LaunchScreen.storyboard in Resources */,
				047AB8DE2626B7BE005CD11F /* Assets.xcassets in Resources */,
				047AB8DC2626B7BB005CD11F /* Main.storyboard in Resources */,
			);
			runOnlyForDeploymentPostprocessing = 0;
		};
		047AB8E52626B7BF005CD11F /* Resources */ = {
			isa = PBXResourcesBuildPhase;
			buildActionMask = 2147483647;
			files = (
			);
			runOnlyForDeploymentPostprocessing = 0;
		};
		047AB8F02626B7BF005CD11F /* Resources */ = {
			isa = PBXResourcesBuildPhase;
			buildActionMask = 2147483647;
			files = (
			);
			runOnlyForDeploymentPostprocessing = 0;
		};
/* End PBXResourcesBuildPhase section */

/* Begin PBXSourcesBuildPhase section */
		047AB8CD2626B7BB005CD11F /* Sources */ = {
			isa = PBXSourcesBuildPhase;
			buildActionMask = 2147483647;
			files = (
				047AB8D92626B7BB005CD11F /* ViewController.swift in Sources */,
				047AB8D52626B7BB005CD11F /* AppDelegate.swift in Sources */,
				047AB8D72626B7BB005CD11F /* SceneDelegate.swift in Sources */,
			);
			runOnlyForDeploymentPostprocessing = 0;
		};
		047AB8E32626B7BF005CD11F /* Sources */ = {
			isa = PBXSourcesBuildPhase;
			buildActionMask = 2147483647;
			files = (
				047AB8EC2626B7BF005CD11F /* StripeTests.swift in Sources */,
			);
			runOnlyForDeploymentPostprocessing = 0;
		};
		047AB8EE2626B7BF005CD11F /* Sources */ = {
			isa = PBXSourcesBuildPhase;
			buildActionMask = 2147483647;
			files = (
				047AB8F72626B7BF005CD11F /* StripeUITests.swift in Sources */,
			);
			runOnlyForDeploymentPostprocessing = 0;
		};
/* End PBXSourcesBuildPhase section */

/* Begin PBXTargetDependency section */
		047AB8E92626B7BF005CD11F /* PBXTargetDependency */ = {
			isa = PBXTargetDependency;
			target = 047AB8D02626B7BB005CD11F /* Stripe */;
			targetProxy = 047AB8E82626B7BF005CD11F /* PBXContainerItemProxy */;
		};
		047AB8F42626B7BF005CD11F /* PBXTargetDependency */ = {
			isa = PBXTargetDependency;
			target = 047AB8D02626B7BB005CD11F /* Stripe */;
			targetProxy = 047AB8F32626B7BF005CD11F /* PBXContainerItemProxy */;
		};
/* End PBXTargetDependency section */

/* Begin PBXVariantGroup section */
		047AB8DA2626B7BB005CD11F /* Main.storyboard */ = {
			isa = PBXVariantGroup;
			children = (
				047AB8DB2626B7BB005CD11F /* Base */,
			);
			name = Main.storyboard;
			sourceTree = "<group>";
		};
		047AB8DF2626B7BE005CD11F /* LaunchScreen.storyboard */ = {
			isa = PBXVariantGroup;
			children = (
				047AB8E02626B7BE005CD11F /* Base */,
			);
			name = LaunchScreen.storyboard;
			sourceTree = "<group>";
		};
/* End PBXVariantGroup section */

/* Begin XCBuildConfiguration section */
		047AB8F92626B7BF005CD11F /* Debug */ = {
			isa = XCBuildConfiguration;
			buildSettings = {
				ALWAYS_SEARCH_USER_PATHS = NO;
				CLANG_ANALYZER_NONNULL = YES;
				CLANG_ANALYZER_NUMBER_OBJECT_CONVERSION = YES_AGGRESSIVE;
				CLANG_CXX_LANGUAGE_STANDARD = "gnu++14";
				CLANG_CXX_LIBRARY = "libc++";
				CLANG_ENABLE_MODULES = YES;
				CLANG_ENABLE_OBJC_ARC = YES;
				CLANG_ENABLE_OBJC_WEAK = YES;
				CLANG_WARN_BLOCK_CAPTURE_AUTORELEASING = YES;
				CLANG_WARN_BOOL_CONVERSION = YES;
				CLANG_WARN_COMMA = YES;
				CLANG_WARN_CONSTANT_CONVERSION = YES;
				CLANG_WARN_DEPRECATED_OBJC_IMPLEMENTATIONS = YES;
				CLANG_WARN_DIRECT_OBJC_ISA_USAGE = YES_ERROR;
				CLANG_WARN_DOCUMENTATION_COMMENTS = YES;
				CLANG_WARN_EMPTY_BODY = YES;
				CLANG_WARN_ENUM_CONVERSION = YES;
				CLANG_WARN_INFINITE_RECURSION = YES;
				CLANG_WARN_INT_CONVERSION = YES;
				CLANG_WARN_NON_LITERAL_NULL_CONVERSION = YES;
				CLANG_WARN_OBJC_IMPLICIT_RETAIN_SELF = YES;
				CLANG_WARN_OBJC_LITERAL_CONVERSION = YES;
				CLANG_WARN_OBJC_ROOT_CLASS = YES_ERROR;
				CLANG_WARN_QUOTED_INCLUDE_IN_FRAMEWORK_HEADER = YES;
				CLANG_WARN_RANGE_LOOP_ANALYSIS = YES;
				CLANG_WARN_STRICT_PROTOTYPES = YES;
				CLANG_WARN_SUSPICIOUS_MOVE = YES;
				CLANG_WARN_UNGUARDED_AVAILABILITY = YES_AGGRESSIVE;
				CLANG_WARN_UNREACHABLE_CODE = YES;
				CLANG_WARN__DUPLICATE_METHOD_MATCH = YES;
				COPY_PHASE_STRIP = NO;
				DEBUG_INFORMATION_FORMAT = dwarf;
				ENABLE_STRICT_OBJC_MSGSEND = YES;
				ENABLE_TESTABILITY = YES;
				GCC_C_LANGUAGE_STANDARD = gnu11;
				GCC_DYNAMIC_NO_PIC = NO;
				GCC_NO_COMMON_BLOCKS = YES;
				GCC_OPTIMIZATION_LEVEL = 0;
				GCC_PREPROCESSOR_DEFINITIONS = (
					"DEBUG=1",
					"$(inherited)",
				);
				GCC_WARN_64_TO_32_BIT_CONVERSION = YES;
				GCC_WARN_ABOUT_RETURN_TYPE = YES_ERROR;
				GCC_WARN_UNDECLARED_SELECTOR = YES;
				GCC_WARN_UNINITIALIZED_AUTOS = YES_AGGRESSIVE;
				GCC_WARN_UNUSED_FUNCTION = YES;
				GCC_WARN_UNUSED_VARIABLE = YES;
				IPHONEOS_DEPLOYMENT_TARGET = 14.4;
				MTL_ENABLE_DEBUG_INFO = INCLUDE_SOURCE;
				MTL_FAST_MATH = YES;
				ONLY_ACTIVE_ARCH = YES;
				SDKROOT = iphoneos;
				SWIFT_ACTIVE_COMPILATION_CONDITIONS = DEBUG;
				SWIFT_OPTIMIZATION_LEVEL = "-Onone";
			};
			name = Debug;
		};
		047AB8FA2626B7BF005CD11F /* Release */ = {
			isa = XCBuildConfiguration;
			buildSettings = {
				ALWAYS_SEARCH_USER_PATHS = NO;
				CLANG_ANALYZER_NONNULL = YES;
				CLANG_ANALYZER_NUMBER_OBJECT_CONVERSION = YES_AGGRESSIVE;
				CLANG_CXX_LANGUAGE_STANDARD = "gnu++14";
				CLANG_CXX_LIBRARY = "libc++";
				CLANG_ENABLE_MODULES = YES;
				CLANG_ENABLE_OBJC_ARC = YES;
				CLANG_ENABLE_OBJC_WEAK = YES;
				CLANG_WARN_BLOCK_CAPTURE_AUTORELEASING = YES;
				CLANG_WARN_BOOL_CONVERSION = YES;
				CLANG_WARN_COMMA = YES;
				CLANG_WARN_CONSTANT_CONVERSION = YES;
				CLANG_WARN_DEPRECATED_OBJC_IMPLEMENTATIONS = YES;
				CLANG_WARN_DIRECT_OBJC_ISA_USAGE = YES_ERROR;
				CLANG_WARN_DOCUMENTATION_COMMENTS = YES;
				CLANG_WARN_EMPTY_BODY = YES;
				CLANG_WARN_ENUM_CONVERSION = YES;
				CLANG_WARN_INFINITE_RECURSION = YES;
				CLANG_WARN_INT_CONVERSION = YES;
				CLANG_WARN_NON_LITERAL_NULL_CONVERSION = YES;
				CLANG_WARN_OBJC_IMPLICIT_RETAIN_SELF = YES;
				CLANG_WARN_OBJC_LITERAL_CONVERSION = YES;
				CLANG_WARN_OBJC_ROOT_CLASS = YES_ERROR;
				CLANG_WARN_QUOTED_INCLUDE_IN_FRAMEWORK_HEADER = YES;
				CLANG_WARN_RANGE_LOOP_ANALYSIS = YES;
				CLANG_WARN_STRICT_PROTOTYPES = YES;
				CLANG_WARN_SUSPICIOUS_MOVE = YES;
				CLANG_WARN_UNGUARDED_AVAILABILITY = YES_AGGRESSIVE;
				CLANG_WARN_UNREACHABLE_CODE = YES;
				CLANG_WARN__DUPLICATE_METHOD_MATCH = YES;
				COPY_PHASE_STRIP = NO;
				DEBUG_INFORMATION_FORMAT = "dwarf-with-dsym";
				ENABLE_NS_ASSERTIONS = NO;
				ENABLE_STRICT_OBJC_MSGSEND = YES;
				GCC_C_LANGUAGE_STANDARD = gnu11;
				GCC_NO_COMMON_BLOCKS = YES;
				GCC_WARN_64_TO_32_BIT_CONVERSION = YES;
				GCC_WARN_ABOUT_RETURN_TYPE = YES_ERROR;
				GCC_WARN_UNDECLARED_SELECTOR = YES;
				GCC_WARN_UNINITIALIZED_AUTOS = YES_AGGRESSIVE;
				GCC_WARN_UNUSED_FUNCTION = YES;
				GCC_WARN_UNUSED_VARIABLE = YES;
				IPHONEOS_DEPLOYMENT_TARGET = 14.4;
				MTL_ENABLE_DEBUG_INFO = NO;
				MTL_FAST_MATH = YES;
				SDKROOT = iphoneos;
				SWIFT_COMPILATION_MODE = wholemodule;
				SWIFT_OPTIMIZATION_LEVEL = "-O";
				VALIDATE_PRODUCT = YES;
			};
			name = Release;
		};
		047AB8FC2626B7BF005CD11F /* Debug */ = {
			isa = XCBuildConfiguration;
			buildSettings = {
				ASSETCATALOG_COMPILER_APPICON_NAME = AppIcon;
				ASSETCATALOG_COMPILER_GLOBAL_ACCENT_COLOR_NAME = AccentColor;
				CODE_SIGN_STYLE = Automatic;
				DEVELOPMENT_TEAM = 464SHFHKT7;
				INFOPLIST_FILE = Stripe/Info.plist;
				LD_RUNPATH_SEARCH_PATHS = (
					"$(inherited)",
					"@executable_path/Frameworks",
				);
				PRODUCT_BUNDLE_IDENTIFIER = com.Stripe;
				PRODUCT_NAME = "$(TARGET_NAME)";
				SWIFT_VERSION = 5.0;
				TARGETED_DEVICE_FAMILY = "1,2";
			};
			name = Debug;
		};
		047AB8FD2626B7BF005CD11F /* Release */ = {
			isa = XCBuildConfiguration;
			buildSettings = {
				ASSETCATALOG_COMPILER_APPICON_NAME = AppIcon;
				ASSETCATALOG_COMPILER_GLOBAL_ACCENT_COLOR_NAME = AccentColor;
				CODE_SIGN_STYLE = Automatic;
				DEVELOPMENT_TEAM = 464SHFHKT7;
				INFOPLIST_FILE = Stripe/Info.plist;
				LD_RUNPATH_SEARCH_PATHS = (
					"$(inherited)",
					"@executable_path/Frameworks",
				);
				PRODUCT_BUNDLE_IDENTIFIER = com.Stripe;
				PRODUCT_NAME = "$(TARGET_NAME)";
				SWIFT_VERSION = 5.0;
				TARGETED_DEVICE_FAMILY = "1,2";
			};
			name = Release;
		};
		047AB8FF2626B7BF005CD11F /* Debug */ = {
			isa = XCBuildConfiguration;
			buildSettings = {
				ALWAYS_EMBED_SWIFT_STANDARD_LIBRARIES = YES;
				BUNDLE_LOADER = "$(TEST_HOST)";
				CODE_SIGN_STYLE = Automatic;
				DEVELOPMENT_TEAM = 464SHFHKT7;
				INFOPLIST_FILE = StripeTests/Info.plist;
				IPHONEOS_DEPLOYMENT_TARGET = 14.4;
				LD_RUNPATH_SEARCH_PATHS = (
					"$(inherited)",
					"@executable_path/Frameworks",
					"@loader_path/Frameworks",
				);
				PRODUCT_BUNDLE_IDENTIFIER = com.StripeTests;
				PRODUCT_NAME = "$(TARGET_NAME)";
				SWIFT_VERSION = 5.0;
				TARGETED_DEVICE_FAMILY = "1,2";
				TEST_HOST = "$(BUILT_PRODUCTS_DIR)/Stripe.app/Stripe";
			};
			name = Debug;
		};
		047AB9002626B7BF005CD11F /* Release */ = {
			isa = XCBuildConfiguration;
			buildSettings = {
				ALWAYS_EMBED_SWIFT_STANDARD_LIBRARIES = YES;
				BUNDLE_LOADER = "$(TEST_HOST)";
				CODE_SIGN_STYLE = Automatic;
				DEVELOPMENT_TEAM = 464SHFHKT7;
				INFOPLIST_FILE = StripeTests/Info.plist;
				IPHONEOS_DEPLOYMENT_TARGET = 14.4;
				LD_RUNPATH_SEARCH_PATHS = (
					"$(inherited)",
					"@executable_path/Frameworks",
					"@loader_path/Frameworks",
				);
				PRODUCT_BUNDLE_IDENTIFIER = com.StripeTests;
				PRODUCT_NAME = "$(TARGET_NAME)";
				SWIFT_VERSION = 5.0;
				TARGETED_DEVICE_FAMILY = "1,2";
				TEST_HOST = "$(BUILT_PRODUCTS_DIR)/Stripe.app/Stripe";
			};
			name = Release;
		};
		047AB9022626B7BF005CD11F /* Debug */ = {
			isa = XCBuildConfiguration;
			buildSettings = {
				ALWAYS_EMBED_SWIFT_STANDARD_LIBRARIES = YES;
				CODE_SIGN_STYLE = Automatic;
				DEVELOPMENT_TEAM = 464SHFHKT7;
				INFOPLIST_FILE = StripeUITests/Info.plist;
				LD_RUNPATH_SEARCH_PATHS = (
					"$(inherited)",
					"@executable_path/Frameworks",
					"@loader_path/Frameworks",
				);
				PRODUCT_BUNDLE_IDENTIFIER = com.StripeUITests;
				PRODUCT_NAME = "$(TARGET_NAME)";
				SWIFT_VERSION = 5.0;
				TARGETED_DEVICE_FAMILY = "1,2";
				TEST_TARGET_NAME = Stripe;
			};
			name = Debug;
		};
		047AB9032626B7BF005CD11F /* Release */ = {
			isa = XCBuildConfiguration;
			buildSettings = {
				ALWAYS_EMBED_SWIFT_STANDARD_LIBRARIES = YES;
				CODE_SIGN_STYLE = Automatic;
				DEVELOPMENT_TEAM = 464SHFHKT7;
				INFOPLIST_FILE = StripeUITests/Info.plist;
				LD_RUNPATH_SEARCH_PATHS = (
					"$(inherited)",
					"@executable_path/Frameworks",
					"@loader_path/Frameworks",
				);
				PRODUCT_BUNDLE_IDENTIFIER = com.StripeUITests;
				PRODUCT_NAME = "$(TARGET_NAME)";
				SWIFT_VERSION = 5.0;
				TARGETED_DEVICE_FAMILY = "1,2";
				TEST_TARGET_NAME = Stripe;
			};
			name = Release;
		};
/* End XCBuildConfiguration section */

/* Begin XCConfigurationList section */
		047AB8CC2626B7BB005CD11F /* Build configuration list for PBXProject "Stripe" */ = {
			isa = XCConfigurationList;
			buildConfigurations = (
				047AB8F92626B7BF005CD11F /* Debug */,
				047AB8FA2626B7BF005CD11F /* Release */,
			);
			defaultConfigurationIsVisible = 0;
			defaultConfigurationName = Release;
		};
		047AB8FB2626B7BF005CD11F /* Build configuration list for PBXNativeTarget "Stripe" */ = {
			isa = XCConfigurationList;
			buildConfigurations = (
				047AB8FC2626B7BF005CD11F /* Debug */,
				047AB8FD2626B7BF005CD11F /* Release */,
			);
			defaultConfigurationIsVisible = 0;
			defaultConfigurationName = Release;
		};
		047AB8FE2626B7BF005CD11F /* Build configuration list for PBXNativeTarget "StripeTests" */ = {
			isa = XCConfigurationList;
			buildConfigurations = (
				047AB8FF2626B7BF005CD11F /* Debug */,
				047AB9002626B7BF005CD11F /* Release */,
			);
			defaultConfigurationIsVisible = 0;
			defaultConfigurationName = Release;
		};
		047AB9012626B7BF005CD11F /* Build configuration list for PBXNativeTarget "StripeUITests" */ = {
			isa = XCConfigurationList;
			buildConfigurations = (
				047AB9022626B7BF005CD11F /* Debug */,
				047AB9032626B7BF005CD11F /* Release */,
			);
			defaultConfigurationIsVisible = 0;
			defaultConfigurationName = Release;
		};
/* End XCConfigurationList section */
	};
	rootObject = 047AB8C92626B7BB005CD11F /* Project object */;
}
